
Microsoft Visual Studio Solution File, Format Version 12.00
# Visual Studio Version 17
VisualStudioVersion = 17.0.31903.59
MinimumVisualStudioVersion = 10.0.40219.1
Project("{FAE04EC0-301F-11D3-BF4B-00C04F79EFBC}") = "服务接口", "服务接口\服务接口.csproj", "{9A903BF8-3EA4-4865-9BCA-AB8DF77A5206}"
EndProject
Project("{FAE04EC0-301F-11D3-BF4B-00C04F79EFBC}") = "服务实现1", "服务实现1\服务实现1.csproj", "{04007013-5D5C-497C-86FC-1702F7BA18B5}"
EndProject
Project("{FAE04EC0-301F-11D3-BF4B-00C04F79EFBC}") = "Jx.Common.DI", "Jx.Common.DI\Jx.Common.DI.csproj", "{3ABD5A39-BB05-4A47-B1C1-0F9A417D3D2F}"
EndProject
Project("{FAE04EC0-301F-11D3-BF4B-00C04F79EFBC}") = "模块化测试程序", "模块化测试程序\模块化测试程序.csproj", "{DCC728E5-B2C8-478B-B95A-AA31899BFA9C}"
EndProject
Project("{FAE04EC0-301F-11D3-BF4B-00C04F79EFBC}") = "Jx.Common", "Jx.Common\Jx.Common.csproj", "{A2AC0B6E-A06A-4EBB-BF42-2719F7D39A2D}"
EndProject
Project("{2150E333-8FDC-42A3-9474-1A3956D46DE8}") = "1.模块化服务注册", "1.模块化服务注册", "{02EA681E-C7D8-13C7-8484-4AC65E1B71E8}"
EndProject
Project("{2150E333-8FDC-42A3-9474-1A3956D46DE8}") = "0.Core", "0.Core", "{ED275CD7-A97C-4F69-AB2D-983EAFBDA51F}"
EndProject
Project("{2150E333-8FDC-42A3-9474-1A3956D46DE8}") = "2.分层项目中EF Core", "2.分层项目中EF Core", "{AB822674-2A62-48A6-A545-BEF0E1D5E05A}"
EndProject
Project("{FAE04EC0-301F-11D3-BF4B-00C04F79EFBC}") = "BookEFCore", "BookEFCore\BookEFCore.csproj", "{3897CA3E-669F-4E0E-BDE1-4F6AB0AA5E87}"
EndProject
Project("{FAE04EC0-301F-11D3-BF4B-00C04F79EFBC}") = "EFCoreWebAPI", "EFCoreWebAPI\EFCoreWebAPI.csproj", "{4F1FF860-C743-444D-903C-8E4A0355995F}"
EndProject
Global
	GlobalSection(SolutionConfigurationPlatforms) = preSolution
		Debug|Any CPU = Debug|Any CPU
		Release|Any CPU = Release|Any CPU
	EndGlobalSection
	GlobalSection(ProjectConfigurationPlatforms) = postSolution
		{9A903BF8-3EA4-4865-9BCA-AB8DF77A5206}.Debug|Any CPU.ActiveCfg = Debug|Any CPU
		{9A903BF8-3EA4-4865-9BCA-AB8DF77A5206}.Debug|Any CPU.Build.0 = Debug|Any CPU
		{9A903BF8-3EA4-4865-9BCA-AB8DF77A5206}.Release|Any CPU.ActiveCfg = Release|Any CPU
		{9A903BF8-3EA4-4865-9BCA-AB8DF77A5206}.Release|Any CPU.Build.0 = Release|Any CPU
		{04007013-5D5C-497C-86FC-1702F7BA18B5}.Debug|Any CPU.ActiveCfg = Debug|Any CPU
		{04007013-5D5C-497C-86FC-1702F7BA18B5}.Debug|Any CPU.Build.0 = Debug|Any CPU
		{04007013-5D5C-497C-86FC-1702F7BA18B5}.Release|Any CPU.ActiveCfg = Release|Any CPU
		{04007013-5D5C-497C-86FC-1702F7BA18B5}.Release|Any CPU.Build.0 = Release|Any CPU
		{3ABD5A39-BB05-4A47-B1C1-0F9A417D3D2F}.Debug|Any CPU.ActiveCfg = Debug|Any CPU
		{3ABD5A39-BB05-4A47-B1C1-0F9A417D3D2F}.Debug|Any CPU.Build.0 = Debug|Any CPU
		{3ABD5A39-BB05-4A47-B1C1-0F9A417D3D2F}.Release|Any CPU.ActiveCfg = Release|Any CPU
		{3ABD5A39-BB05-4A47-B1C1-0F9A417D3D2F}.Release|Any CPU.Build.0 = Release|Any CPU
		{DCC728E5-B2C8-478B-B95A-AA31899BFA9C}.Debug|Any CPU.ActiveCfg = Debug|Any CPU
		{DCC728E5-B2C8-478B-B95A-AA31899BFA9C}.Debug|Any CPU.Build.0 = Debug|Any CPU
		{DCC728E5-B2C8-478B-B95A-AA31899BFA9C}.Release|Any CPU.ActiveCfg = Release|Any CPU
		{DCC728E5-B2C8-478B-B95A-AA31899BFA9C}.Release|Any CPU.Build.0 = Release|Any CPU
		{A2AC0B6E-A06A-4EBB-BF42-2719F7D39A2D}.Debug|Any CPU.ActiveCfg = Debug|Any CPU
		{A2AC0B6E-A06A-4EBB-BF42-2719F7D39A2D}.Debug|Any CPU.Build.0 = Debug|Any CPU
		{A2AC0B6E-A06A-4EBB-BF42-2719F7D39A2D}.Release|Any CPU.ActiveCfg = Release|Any CPU
		{A2AC0B6E-A06A-4EBB-BF42-2719F7D39A2D}.Release|Any CPU.Build.0 = Release|Any CPU
		{3897CA3E-669F-4E0E-BDE1-4F6AB0AA5E87}.Debug|Any CPU.ActiveCfg = Debug|Any CPU
		{3897CA3E-669F-4E0E-BDE1-4F6AB0AA5E87}.Debug|Any CPU.Build.0 = Debug|Any CPU
		{3897CA3E-669F-4E0E-BDE1-4F6AB0AA5E87}.Release|Any CPU.ActiveCfg = Release|Any CPU
		{3897CA3E-669F-4E0E-BDE1-4F6AB0AA5E87}.Release|Any CPU.Build.0 = Release|Any CPU
		{4F1FF860-C743-444D-903C-8E4A0355995F}.Debug|Any CPU.ActiveCfg = Debug|Any CPU
		{4F1FF860-C743-444D-903C-8E4A0355995F}.Debug|Any CPU.Build.0 = Debug|Any CPU
		{4F1FF860-C743-444D-903C-8E4A0355995F}.Release|Any CPU.ActiveCfg = Release|Any CPU
		{4F1FF860-C743-444D-903C-8E4A0355995F}.Release|Any CPU.Build.0 = Release|Any CPU
	EndGlobalSection
	GlobalSection(SolutionProperties) = preSolution
		HideSolutionNode = FALSE
	EndGlobalSection
	GlobalSection(NestedProjects) = preSolution
		{9A903BF8-3EA4-4865-9BCA-AB8DF77A5206} = {02EA681E-C7D8-13C7-8484-4AC65E1B71E8}
		{04007013-5D5C-497C-86FC-1702F7BA18B5} = {02EA681E-C7D8-13C7-8484-4AC65E1B71E8}
		{3ABD5A39-BB05-4A47-B1C1-0F9A417D3D2F} = {ED275CD7-A97C-4F69-AB2D-983EAFBDA51F}
		{DCC728E5-B2C8-478B-B95A-AA31899BFA9C} = {02EA681E-C7D8-13C7-8484-4AC65E1B71E8}
		{A2AC0B6E-A06A-4EBB-BF42-2719F7D39A2D} = {ED275CD7-A97C-4F69-AB2D-983EAFBDA51F}
		{3897CA3E-669F-4E0E-BDE1-4F6AB0AA5E87} = {AB822674-2A62-48A6-A545-BEF0E1D5E05A}
		{4F1FF860-C743-444D-903C-8E4A0355995F} = {AB822674-2A62-48A6-A545-BEF0E1D5E05A}
	EndGlobalSection
	GlobalSection(ExtensibilityGlobals) = postSolution
		SolutionGuid = {3DD6260C-3EE1-4B89-9CDC-BA47CDEF26FC}
	EndGlobalSection
EndGlobal
