
Microsoft Visual Studio Solution File, Format Version 12.00
# Visual Studio Version 17
VisualStudioVersion = 17.13.35828.75 d17.13
MinimumVisualStudioVersion = 10.0.40219.1
Project("{FAE04EC0-301F-11D3-BF4B-00C04F79EFBC}") = "第一个EFCore项目", "第一个EFCore项目\第一个EFCore项目.csproj", "{E67E51CB-5164-4290-936A-BE42A306A589}"
EndProject
Project("{FAE04EC0-301F-11D3-BF4B-00C04F79EFBC}") = "EF配置DataAnnotations", "EF配置DataAnnotations\EF配置DataAnnotations.csproj", "{DD31D11B-EE3C-412C-AF86-DE132A9A4684}"
EndProject
Project("{FAE04EC0-301F-11D3-BF4B-00C04F79EFBC}") = "一对多关系", "一对多关系\一对多关系.csproj", "{598C0912-C754-43F5-9C55-D41FC82E2431}"
EndProject
Project("{FAE04EC0-301F-11D3-BF4B-00C04F79EFBC}") = "一对一关系", "一对一关系\一对一关系.csproj", "{9AF0F95F-FBC5-4AF6-A080-2C121C6126C5}"
EndProject
Global
	GlobalSection(SolutionConfigurationPlatforms) = preSolution
		Debug|Any CPU = Debug|Any CPU
		Release|Any CPU = Release|Any CPU
	EndGlobalSection
	GlobalSection(ProjectConfigurationPlatforms) = postSolution
		{E67E51CB-5164-4290-936A-BE42A306A589}.Debug|Any CPU.ActiveCfg = Debug|Any CPU
		{E67E51CB-5164-4290-936A-BE42A306A589}.Debug|Any CPU.Build.0 = Debug|Any CPU
		{E67E51CB-5164-4290-936A-BE42A306A589}.Release|Any CPU.ActiveCfg = Release|Any CPU
		{E67E51CB-5164-4290-936A-BE42A306A589}.Release|Any CPU.Build.0 = Release|Any CPU
		{DD31D11B-EE3C-412C-AF86-DE132A9A4684}.Debug|Any CPU.ActiveCfg = Debug|Any CPU
		{DD31D11B-EE3C-412C-AF86-DE132A9A4684}.Debug|Any CPU.Build.0 = Debug|Any CPU
		{DD31D11B-EE3C-412C-AF86-DE132A9A4684}.Release|Any CPU.ActiveCfg = Release|Any CPU
		{DD31D11B-EE3C-412C-AF86-DE132A9A4684}.Release|Any CPU.Build.0 = Release|Any CPU
		{598C0912-C754-43F5-9C55-D41FC82E2431}.Debug|Any CPU.ActiveCfg = Debug|Any CPU
		{598C0912-C754-43F5-9C55-D41FC82E2431}.Debug|Any CPU.Build.0 = Debug|Any CPU
		{598C0912-C754-43F5-9C55-D41FC82E2431}.Release|Any CPU.ActiveCfg = Release|Any CPU
		{598C0912-C754-43F5-9C55-D41FC82E2431}.Release|Any CPU.Build.0 = Release|Any CPU
		{9AF0F95F-FBC5-4AF6-A080-2C121C6126C5}.Debug|Any CPU.ActiveCfg = Debug|Any CPU
		{9AF0F95F-FBC5-4AF6-A080-2C121C6126C5}.Debug|Any CPU.Build.0 = Debug|Any CPU
		{9AF0F95F-FBC5-4AF6-A080-2C121C6126C5}.Release|Any CPU.ActiveCfg = Release|Any CPU
		{9AF0F95F-FBC5-4AF6-A080-2C121C6126C5}.Release|Any CPU.Build.0 = Release|Any CPU
	EndGlobalSection
	GlobalSection(SolutionProperties) = preSolution
		HideSolutionNode = FALSE
	EndGlobalSection
	GlobalSection(ExtensibilityGlobals) = postSolution
		SolutionGuid = {67CDDBB2-C69F-43DA-AC83-1DED57E6FD6B}
	EndGlobalSection
EndGlobal
